
Microsoft Visual Studio Solution File, Format Version 12.00
# Visual Studio 15
VisualStudioVersion = 15.0.28010.2046
MinimumVisualStudioVersion = 10.0.40219.1
Project("{FAE04EC0-301F-11D3-BF4B-00C04F79EFBC}") = "TelefonRehberi.UI", "TelefonRehberi.UI\TelefonRehberi.UI.csproj", "{53C5982D-0D67-4399-9413-176FFB08897C}"
EndProject
Global
	GlobalSection(SolutionConfigurationPlatforms) = preSolution
		Debug|Any CPU = Debug|Any CPU
		Release|Any CPU = Release|Any CPU
	EndGlobalSection
	GlobalSection(ProjectConfigurationPlatforms) = postSolution
		{53C5982D-0D67-4399-9413-176FFB08897C}.Debug|Any CPU.ActiveCfg = Debug|Any CPU
		{53C5982D-0D67-4399-9413-176FFB08897C}.Debug|Any CPU.Build.0 = Debug|Any CPU
		{53C5982D-0D67-4399-9413-176FFB08897C}.Release|Any CPU.ActiveCfg = Release|Any CPU
		{53C5982D-0D67-4399-9413-176FFB08897C}.Release|Any CPU.Build.0 = Release|Any CPU
	EndGlobalSection
	GlobalSection(SolutionProperties) = preSolution
		HideSolutionNode = FALSE
	EndGlobalSection
	GlobalSection(ExtensibilityGlobals) = postSolution
		SolutionGuid = {9FF5E5F1-13DE-4650-A596-8FACD26C5E3F}
	EndGlobalSection
EndGlobal
