
Microsoft Visual Studio Solution File, Format Version 12.00
# Visual Studio 15
VisualStudioVersion = 15.0.28010.2046
MinimumVisualStudioVersion = 10.0.40219.1
Project("{FAE04EC0-301F-11D3-BF4B-00C04F79EFBC}") = "TelefonRehberi.UI", "TelefonRehberi.UI\TelefonRehberi.UI.csproj", "{53C5982D-0D67-4399-9413-176FFB08897C}"
EndProject
Project("{FAE04EC0-301F-11D3-BF4B-00C04F79EFBC}") = "TelefonRehberi.DATA", "TelefonRehberi.DATA\TelefonRehberi.DATA.csproj", "{60036731-F686-4727-B763-434C31900EEC}"
EndProject
Project("{FAE04EC0-301F-11D3-BF4B-00C04F79EFBC}") = "TelefonRehberi.DAL", "TelefonRehberi.DAL\TelefonRehberi.DAL.csproj", "{33F1BC70-6B9D-4A75-850A-CB04ACD486E6}"
EndProject
Project("{FAE04EC0-301F-11D3-BF4B-00C04F79EFBC}") = "TelefonRehberi.BLL", "TelefonRehberi.BLL\TelefonRehberi.BLL.csproj", "{3404F560-1027-401A-B4E3-0E6A985A739F}"
EndProject
Global
	GlobalSection(SolutionConfigurationPlatforms) = preSolution
		Debug|Any CPU = Debug|Any CPU
		Release|Any CPU = Release|Any CPU
	EndGlobalSection
	GlobalSection(ProjectConfigurationPlatforms) = postSolution
		{53C5982D-0D67-4399-9413-176FFB08897C}.Debug|Any CPU.ActiveCfg = Debug|Any CPU
		{53C5982D-0D67-4399-9413-176FFB08897C}.Debug|Any CPU.Build.0 = Debug|Any CPU
		{53C5982D-0D67-4399-9413-176FFB08897C}.Release|Any CPU.ActiveCfg = Release|Any CPU
		{53C5982D-0D67-4399-9413-176FFB08897C}.Release|Any CPU.Build.0 = Release|Any CPU
		{60036731-F686-4727-B763-434C31900EEC}.Debug|Any CPU.ActiveCfg = Debug|Any CPU
		{60036731-F686-4727-B763-434C31900EEC}.Debug|Any CPU.Build.0 = Debug|Any CPU
		{60036731-F686-4727-B763-434C31900EEC}.Release|Any CPU.ActiveCfg = Release|Any CPU
		{60036731-F686-4727-B763-434C31900EEC}.Release|Any CPU.Build.0 = Release|Any CPU
		{33F1BC70-6B9D-4A75-850A-CB04ACD486E6}.Debug|Any CPU.ActiveCfg = Debug|Any CPU
		{33F1BC70-6B9D-4A75-850A-CB04ACD486E6}.Debug|Any CPU.Build.0 = Debug|Any CPU
		{33F1BC70-6B9D-4A75-850A-CB04ACD486E6}.Release|Any CPU.ActiveCfg = Release|Any CPU
		{33F1BC70-6B9D-4A75-850A-CB04ACD486E6}.Release|Any CPU.Build.0 = Release|Any CPU
		{3404F560-1027-401A-B4E3-0E6A985A739F}.Debug|Any CPU.ActiveCfg = Debug|Any CPU
		{3404F560-1027-401A-B4E3-0E6A985A739F}.Debug|Any CPU.Build.0 = Debug|Any CPU
		{3404F560-1027-401A-B4E3-0E6A985A739F}.Release|Any CPU.ActiveCfg = Release|Any CPU
		{3404F560-1027-401A-B4E3-0E6A985A739F}.Release|Any CPU.Build.0 = Release|Any CPU
	EndGlobalSection
	GlobalSection(SolutionProperties) = preSolution
		HideSolutionNode = FALSE
	EndGlobalSection
	GlobalSection(ExtensibilityGlobals) = postSolution
		SolutionGuid = {9FF5E5F1-13DE-4650-A596-8FACD26C5E3F}
	EndGlobalSection
EndGlobal
